
Microsoft Visual Studio Solution File, Format Version 12.00
# Visual Studio 15
VisualStudioVersion = 15.0.28307.329
MinimumVisualStudioVersion = 10.0.40219.1
Project("{FAE04EC0-301F-11D3-BF4B-00C04F79EFBC}") = "SocketClient", "SocketClient\SocketClient.csproj", "{84AAD96C-2F57-4D07-AF25-43997303DE06}"
EndProject
Global
	GlobalSection(SolutionConfigurationPlatforms) = preSolution
		Debug|Any CPU = Debug|Any CPU
		Release|Any CPU = Release|Any CPU
	EndGlobalSection
	GlobalSection(ProjectConfigurationPlatforms) = postSolution
		{84AAD96C-2F57-4D07-AF25-43997303DE06}.Debug|Any CPU.ActiveCfg = Debug|Any CPU
		{84AAD96C-2F57-4D07-AF25-43997303DE06}.Debug|Any CPU.Build.0 = Debug|Any CPU
		{84AAD96C-2F57-4D07-AF25-43997303DE06}.Release|Any CPU.ActiveCfg = Release|Any CPU
		{84AAD96C-2F57-4D07-AF25-43997303DE06}.Release|Any CPU.Build.0 = Release|Any CPU
	EndGlobalSection
	GlobalSection(SolutionProperties) = preSolution
		HideSolutionNode = FALSE
	EndGlobalSection
	GlobalSection(ExtensibilityGlobals) = postSolution
		SolutionGuid = {C7A0F60A-3213-4FFE-B491-CAC982C9DF69}
	EndGlobalSection
EndGlobal
